
Microsoft Visual Studio Solution File, Format Version 12.00
Project("{FAE04EC0-301F-11D3-BF4B-00C04F79EFBC}") = "ModelFactory", "ModelFactory\ModelFactory.csproj", "{741A5643-E5CA-46B1-A9CA-D254A4FAD68F}"
EndProject
Global
	GlobalSection(SolutionConfigurationPlatforms) = preSolution
		Debug|Any CPU = Debug|Any CPU
		Release|Any CPU = Release|Any CPU
	EndGlobalSection
	GlobalSection(ProjectConfigurationPlatforms) = postSolution
		{741A5643-E5CA-46B1-A9CA-D254A4FAD68F}.Debug|Any CPU.ActiveCfg = Debug|Any CPU
		{741A5643-E5CA-46B1-A9CA-D254A4FAD68F}.Debug|Any CPU.Build.0 = Debug|Any CPU
		{741A5643-E5CA-46B1-A9CA-D254A4FAD68F}.Release|Any CPU.ActiveCfg = Release|Any CPU
		{741A5643-E5CA-46B1-A9CA-D254A4FAD68F}.Release|Any CPU.Build.0 = Release|Any CPU
	EndGlobalSection
EndGlobal
